
Microsoft Visual Studio Solution File, Format Version 12.00
# Visual Studio Version 17
VisualStudioVersion = 17.5.33326.253
MinimumVisualStudioVersion = 10.0.40219.1
Project("{FAE04EC0-301F-11D3-BF4B-00C04F79EFBC}") = "Blapi.Server", "Server\Blapi.Server.csproj", "{3101A964-AFB5-45F4-A5D7-39978728C054}"
EndProject
Project("{FAE04EC0-301F-11D3-BF4B-00C04F79EFBC}") = "Blapi.Client", "Client\Blapi.Client.csproj", "{6E887870-5B95-401F-B933-F1BF565B4577}"
EndProject
Project("{FAE04EC0-301F-11D3-BF4B-00C04F79EFBC}") = "Blapi.Shared", "Shared\Blapi.Shared.csproj", "{2F8B38D6-D1E3-4A78-95CB-8ED147736967}"
EndProject
Global
	GlobalSection(SolutionConfigurationPlatforms) = preSolution
		Debug|Any CPU = Debug|Any CPU
		Release|Any CPU = Release|Any CPU
	EndGlobalSection
	GlobalSection(ProjectConfigurationPlatforms) = postSolution
		{3101A964-AFB5-45F4-A5D7-39978728C054}.Debug|Any CPU.ActiveCfg = Debug|Any CPU
		{3101A964-AFB5-45F4-A5D7-39978728C054}.Debug|Any CPU.Build.0 = Debug|Any CPU
		{3101A964-AFB5-45F4-A5D7-39978728C054}.Release|Any CPU.ActiveCfg = Release|Any CPU
		{3101A964-AFB5-45F4-A5D7-39978728C054}.Release|Any CPU.Build.0 = Release|Any CPU
		{6E887870-5B95-401F-B933-F1BF565B4577}.Debug|Any CPU.ActiveCfg = Debug|Any CPU
		{6E887870-5B95-401F-B933-F1BF565B4577}.Debug|Any CPU.Build.0 = Debug|Any CPU
		{6E887870-5B95-401F-B933-F1BF565B4577}.Release|Any CPU.ActiveCfg = Release|Any CPU
		{6E887870-5B95-401F-B933-F1BF565B4577}.Release|Any CPU.Build.0 = Release|Any CPU
		{2F8B38D6-D1E3-4A78-95CB-8ED147736967}.Debug|Any CPU.ActiveCfg = Debug|Any CPU
		{2F8B38D6-D1E3-4A78-95CB-8ED147736967}.Debug|Any CPU.Build.0 = Debug|Any CPU
		{2F8B38D6-D1E3-4A78-95CB-8ED147736967}.Release|Any CPU.ActiveCfg = Release|Any CPU
		{2F8B38D6-D1E3-4A78-95CB-8ED147736967}.Release|Any CPU.Build.0 = Release|Any CPU
	EndGlobalSection
	GlobalSection(SolutionProperties) = preSolution
		HideSolutionNode = FALSE
	EndGlobalSection
	GlobalSection(ExtensibilityGlobals) = postSolution
		SolutionGuid = {EAF5BD76-34DA-47FF-82A4-9AE4D4B07CAA}
	EndGlobalSection
EndGlobal
